
Microsoft Visual Studio Solution File, Format Version 12.00
# Visual Studio Version 16
VisualStudioVersion = 16.0.31515.178
MinimumVisualStudioVersion = 10.0.40219.1
Project("{FAE04EC0-301F-11D3-BF4B-00C04F79EFBC}") = "Actividad 2_Problema 6", "Actividad 2_Problema 6.csproj", "{70C5C782-11B9-4C35-8E68-1FAF29C5B39B}"
EndProject
Global
	GlobalSection(SolutionConfigurationPlatforms) = preSolution
		Debug|Any CPU = Debug|Any CPU
		Release|Any CPU = Release|Any CPU
	EndGlobalSection
	GlobalSection(ProjectConfigurationPlatforms) = postSolution
		{70C5C782-11B9-4C35-8E68-1FAF29C5B39B}.Debug|Any CPU.ActiveCfg = Debug|Any CPU
		{70C5C782-11B9-4C35-8E68-1FAF29C5B39B}.Debug|Any CPU.Build.0 = Debug|Any CPU
		{70C5C782-11B9-4C35-8E68-1FAF29C5B39B}.Release|Any CPU.ActiveCfg = Release|Any CPU
		{70C5C782-11B9-4C35-8E68-1FAF29C5B39B}.Release|Any CPU.Build.0 = Release|Any CPU
	EndGlobalSection
	GlobalSection(SolutionProperties) = preSolution
		HideSolutionNode = FALSE
	EndGlobalSection
	GlobalSection(ExtensibilityGlobals) = postSolution
		SolutionGuid = {AF099151-3A2D-4965-B950-18B4E685F7E4}
	EndGlobalSection
EndGlobal
