
Microsoft Visual Studio Solution File, Format Version 12.00
# Visual Studio Version 16
VisualStudioVersion = 16.0.31515.178
MinimumVisualStudioVersion = 10.0.40219.1
Project("{FAE04EC0-301F-11D3-BF4B-00C04F79EFBC}") = "Actividad semana 1_Problema 1", "Actividad semana 1_Problema 1.csproj", "{5D628A1C-DF77-4BAC-8416-9D801E27984E}"
EndProject
Global
	GlobalSection(SolutionConfigurationPlatforms) = preSolution
		Debug|Any CPU = Debug|Any CPU
		Release|Any CPU = Release|Any CPU
	EndGlobalSection
	GlobalSection(ProjectConfigurationPlatforms) = postSolution
		{5D628A1C-DF77-4BAC-8416-9D801E27984E}.Debug|Any CPU.ActiveCfg = Debug|Any CPU
		{5D628A1C-DF77-4BAC-8416-9D801E27984E}.Debug|Any CPU.Build.0 = Debug|Any CPU
		{5D628A1C-DF77-4BAC-8416-9D801E27984E}.Release|Any CPU.ActiveCfg = Release|Any CPU
		{5D628A1C-DF77-4BAC-8416-9D801E27984E}.Release|Any CPU.Build.0 = Release|Any CPU
	EndGlobalSection
	GlobalSection(SolutionProperties) = preSolution
		HideSolutionNode = FALSE
	EndGlobalSection
	GlobalSection(ExtensibilityGlobals) = postSolution
		SolutionGuid = {85E6B895-F04D-423A-966C-476ACAA6AE5E}
	EndGlobalSection
EndGlobal
