
Microsoft Visual Studio Solution File, Format Version 12.00
# Visual Studio Version 16
VisualStudioVersion = 16.0.31515.178
MinimumVisualStudioVersion = 10.0.40219.1
Project("{FAE04EC0-301F-11D3-BF4B-00C04F79EFBC}") = "Actividad 2_Problema 12", "Actividad 2_Problema 12.csproj", "{DF5308E5-73A5-4E09-AF5A-9AFE52CAA87A}"
EndProject
Global
	GlobalSection(SolutionConfigurationPlatforms) = preSolution
		Debug|Any CPU = Debug|Any CPU
		Release|Any CPU = Release|Any CPU
	EndGlobalSection
	GlobalSection(ProjectConfigurationPlatforms) = postSolution
		{DF5308E5-73A5-4E09-AF5A-9AFE52CAA87A}.Debug|Any CPU.ActiveCfg = Debug|Any CPU
		{DF5308E5-73A5-4E09-AF5A-9AFE52CAA87A}.Debug|Any CPU.Build.0 = Debug|Any CPU
		{DF5308E5-73A5-4E09-AF5A-9AFE52CAA87A}.Release|Any CPU.ActiveCfg = Release|Any CPU
		{DF5308E5-73A5-4E09-AF5A-9AFE52CAA87A}.Release|Any CPU.Build.0 = Release|Any CPU
	EndGlobalSection
	GlobalSection(SolutionProperties) = preSolution
		HideSolutionNode = FALSE
	EndGlobalSection
	GlobalSection(ExtensibilityGlobals) = postSolution
		SolutionGuid = {91E24B49-6557-4078-81F1-E8501483BBD8}
	EndGlobalSection
EndGlobal
