
Microsoft Visual Studio Solution File, Format Version 12.00
# Visual Studio Version 16
VisualStudioVersion = 16.0.31515.178
MinimumVisualStudioVersion = 10.0.40219.1
Project("{FAE04EC0-301F-11D3-BF4B-00C04F79EFBC}") = "Actividad 2_Problema 12", "Actividad 2_Problema 12.csproj", "{3D1AB0F4-26C8-4696-8D15-2E178F56A489}"
EndProject
Global
	GlobalSection(SolutionConfigurationPlatforms) = preSolution
		Debug|Any CPU = Debug|Any CPU
		Release|Any CPU = Release|Any CPU
	EndGlobalSection
	GlobalSection(ProjectConfigurationPlatforms) = postSolution
		{3D1AB0F4-26C8-4696-8D15-2E178F56A489}.Debug|Any CPU.ActiveCfg = Debug|Any CPU
		{3D1AB0F4-26C8-4696-8D15-2E178F56A489}.Debug|Any CPU.Build.0 = Debug|Any CPU
		{3D1AB0F4-26C8-4696-8D15-2E178F56A489}.Release|Any CPU.ActiveCfg = Release|Any CPU
		{3D1AB0F4-26C8-4696-8D15-2E178F56A489}.Release|Any CPU.Build.0 = Release|Any CPU
	EndGlobalSection
	GlobalSection(SolutionProperties) = preSolution
		HideSolutionNode = FALSE
	EndGlobalSection
	GlobalSection(ExtensibilityGlobals) = postSolution
		SolutionGuid = {941F46AA-5E9A-4D3A-B760-502CAA5AB86E}
	EndGlobalSection
EndGlobal
