
Microsoft Visual Studio Solution File, Format Version 12.00
# Visual Studio Version 16
VisualStudioVersion = 16.0.31515.178
MinimumVisualStudioVersion = 10.0.40219.1
Project("{FAE04EC0-301F-11D3-BF4B-00C04F79EFBC}") = "Actividad_semana_1_Problema_4", "Actividad_semana_1_Problema_4.csproj", "{35AB5A7A-5973-4AB1-8E8B-B7EEC1ECD640}"
EndProject
Global
	GlobalSection(SolutionConfigurationPlatforms) = preSolution
		Debug|Any CPU = Debug|Any CPU
		Release|Any CPU = Release|Any CPU
	EndGlobalSection
	GlobalSection(ProjectConfigurationPlatforms) = postSolution
		{35AB5A7A-5973-4AB1-8E8B-B7EEC1ECD640}.Debug|Any CPU.ActiveCfg = Debug|Any CPU
		{35AB5A7A-5973-4AB1-8E8B-B7EEC1ECD640}.Debug|Any CPU.Build.0 = Debug|Any CPU
		{35AB5A7A-5973-4AB1-8E8B-B7EEC1ECD640}.Release|Any CPU.ActiveCfg = Release|Any CPU
		{35AB5A7A-5973-4AB1-8E8B-B7EEC1ECD640}.Release|Any CPU.Build.0 = Release|Any CPU
	EndGlobalSection
	GlobalSection(SolutionProperties) = preSolution
		HideSolutionNode = FALSE
	EndGlobalSection
	GlobalSection(ExtensibilityGlobals) = postSolution
		SolutionGuid = {BED84639-A88F-47DF-B9FC-D088F4CF858B}
	EndGlobalSection
EndGlobal
