
Microsoft Visual Studio Solution File, Format Version 12.00
# Visual Studio Version 16
VisualStudioVersion = 16.0.31515.178
MinimumVisualStudioVersion = 10.0.40219.1
Project("{FAE04EC0-301F-11D3-BF4B-00C04F79EFBC}") = "Actividad 4_Problema 6", "Actividad 4_Problema 6.csproj", "{6F409393-F380-4829-BE9E-702DD440C532}"
EndProject
Global
	GlobalSection(SolutionConfigurationPlatforms) = preSolution
		Debug|Any CPU = Debug|Any CPU
		Release|Any CPU = Release|Any CPU
	EndGlobalSection
	GlobalSection(ProjectConfigurationPlatforms) = postSolution
		{6F409393-F380-4829-BE9E-702DD440C532}.Debug|Any CPU.ActiveCfg = Debug|Any CPU
		{6F409393-F380-4829-BE9E-702DD440C532}.Debug|Any CPU.Build.0 = Debug|Any CPU
		{6F409393-F380-4829-BE9E-702DD440C532}.Release|Any CPU.ActiveCfg = Release|Any CPU
		{6F409393-F380-4829-BE9E-702DD440C532}.Release|Any CPU.Build.0 = Release|Any CPU
	EndGlobalSection
	GlobalSection(SolutionProperties) = preSolution
		HideSolutionNode = FALSE
	EndGlobalSection
	GlobalSection(ExtensibilityGlobals) = postSolution
		SolutionGuid = {3C64D8FE-295D-462E-9AA7-FAE9282B0871}
	EndGlobalSection
EndGlobal
