
Microsoft Visual Studio Solution File, Format Version 12.00
# Visual Studio Version 16
VisualStudioVersion = 16.0.31515.178
MinimumVisualStudioVersion = 10.0.40219.1
Project("{FAE04EC0-301F-11D3-BF4B-00C04F79EFBC}") = "Actividad_semana_1_Problema_3", "Actividad_semana_1_Problema_3.csproj", "{5510B1F8-6F3F-4463-9FCD-8D33EC28D72C}"
EndProject
Global
	GlobalSection(SolutionConfigurationPlatforms) = preSolution
		Debug|Any CPU = Debug|Any CPU
		Release|Any CPU = Release|Any CPU
	EndGlobalSection
	GlobalSection(ProjectConfigurationPlatforms) = postSolution
		{5510B1F8-6F3F-4463-9FCD-8D33EC28D72C}.Debug|Any CPU.ActiveCfg = Debug|Any CPU
		{5510B1F8-6F3F-4463-9FCD-8D33EC28D72C}.Debug|Any CPU.Build.0 = Debug|Any CPU
		{5510B1F8-6F3F-4463-9FCD-8D33EC28D72C}.Release|Any CPU.ActiveCfg = Release|Any CPU
		{5510B1F8-6F3F-4463-9FCD-8D33EC28D72C}.Release|Any CPU.Build.0 = Release|Any CPU
	EndGlobalSection
	GlobalSection(SolutionProperties) = preSolution
		HideSolutionNode = FALSE
	EndGlobalSection
	GlobalSection(ExtensibilityGlobals) = postSolution
		SolutionGuid = {E35C1472-48F7-4349-857C-44DDC05F1728}
	EndGlobalSection
EndGlobal
