
Microsoft Visual Studio Solution File, Format Version 12.00
# Visual Studio Version 16
VisualStudioVersion = 16.0.31515.178
MinimumVisualStudioVersion = 10.0.40219.1
Project("{FAE04EC0-301F-11D3-BF4B-00C04F79EFBC}") = "Actividad 5_Problema 5", "Actividad 5_Problema 5.csproj", "{7BBBAD24-CB8C-48BE-A950-AD95261CEEC7}"
EndProject
Global
	GlobalSection(SolutionConfigurationPlatforms) = preSolution
		Debug|Any CPU = Debug|Any CPU
		Release|Any CPU = Release|Any CPU
	EndGlobalSection
	GlobalSection(ProjectConfigurationPlatforms) = postSolution
		{7BBBAD24-CB8C-48BE-A950-AD95261CEEC7}.Debug|Any CPU.ActiveCfg = Debug|Any CPU
		{7BBBAD24-CB8C-48BE-A950-AD95261CEEC7}.Debug|Any CPU.Build.0 = Debug|Any CPU
		{7BBBAD24-CB8C-48BE-A950-AD95261CEEC7}.Release|Any CPU.ActiveCfg = Release|Any CPU
		{7BBBAD24-CB8C-48BE-A950-AD95261CEEC7}.Release|Any CPU.Build.0 = Release|Any CPU
	EndGlobalSection
	GlobalSection(SolutionProperties) = preSolution
		HideSolutionNode = FALSE
	EndGlobalSection
	GlobalSection(ExtensibilityGlobals) = postSolution
		SolutionGuid = {05964F2C-901D-4AE9-8ACD-F02EBB6AAE43}
	EndGlobalSection
EndGlobal
