
Microsoft Visual Studio Solution File, Format Version 12.00
# Visual Studio Version 16
VisualStudioVersion = 16.0.31515.178
MinimumVisualStudioVersion = 10.0.40219.1
Project("{FAE04EC0-301F-11D3-BF4B-00C04F79EFBC}") = "Actividad 1_Problema 6", "Actividad 1_Problema 6.csproj", "{4C2AEA03-7C95-4B10-8BDC-41F6F6C65017}"
EndProject
Global
	GlobalSection(SolutionConfigurationPlatforms) = preSolution
		Debug|Any CPU = Debug|Any CPU
		Release|Any CPU = Release|Any CPU
	EndGlobalSection
	GlobalSection(ProjectConfigurationPlatforms) = postSolution
		{4C2AEA03-7C95-4B10-8BDC-41F6F6C65017}.Debug|Any CPU.ActiveCfg = Debug|Any CPU
		{4C2AEA03-7C95-4B10-8BDC-41F6F6C65017}.Debug|Any CPU.Build.0 = Debug|Any CPU
		{4C2AEA03-7C95-4B10-8BDC-41F6F6C65017}.Release|Any CPU.ActiveCfg = Release|Any CPU
		{4C2AEA03-7C95-4B10-8BDC-41F6F6C65017}.Release|Any CPU.Build.0 = Release|Any CPU
	EndGlobalSection
	GlobalSection(SolutionProperties) = preSolution
		HideSolutionNode = FALSE
	EndGlobalSection
	GlobalSection(ExtensibilityGlobals) = postSolution
		SolutionGuid = {27BEB345-4D8E-489A-AE15-CC8626261FC7}
	EndGlobalSection
EndGlobal
