
Microsoft Visual Studio Solution File, Format Version 12.00
# Visual Studio Version 16
VisualStudioVersion = 16.0.31515.178
MinimumVisualStudioVersion = 10.0.40219.1
Project("{FAE04EC0-301F-11D3-BF4B-00C04F79EFBC}") = "Actividad 5_Problema 12", "Actividad 5_Problema 12.csproj", "{ABE1FC6E-FE92-4370-B1C9-C5BDB561E201}"
EndProject
Global
	GlobalSection(SolutionConfigurationPlatforms) = preSolution
		Debug|Any CPU = Debug|Any CPU
		Release|Any CPU = Release|Any CPU
	EndGlobalSection
	GlobalSection(ProjectConfigurationPlatforms) = postSolution
		{ABE1FC6E-FE92-4370-B1C9-C5BDB561E201}.Debug|Any CPU.ActiveCfg = Debug|Any CPU
		{ABE1FC6E-FE92-4370-B1C9-C5BDB561E201}.Debug|Any CPU.Build.0 = Debug|Any CPU
		{ABE1FC6E-FE92-4370-B1C9-C5BDB561E201}.Release|Any CPU.ActiveCfg = Release|Any CPU
		{ABE1FC6E-FE92-4370-B1C9-C5BDB561E201}.Release|Any CPU.Build.0 = Release|Any CPU
	EndGlobalSection
	GlobalSection(SolutionProperties) = preSolution
		HideSolutionNode = FALSE
	EndGlobalSection
	GlobalSection(ExtensibilityGlobals) = postSolution
		SolutionGuid = {73E382F2-3477-4BA8-AA80-17FA1364E98A}
	EndGlobalSection
EndGlobal
