
Microsoft Visual Studio Solution File, Format Version 12.00
# Visual Studio Version 16
VisualStudioVersion = 16.0.31515.178
MinimumVisualStudioVersion = 10.0.40219.1
Project("{FAE04EC0-301F-11D3-BF4B-00C04F79EFBC}") = "Actividad_semana_1_Problema_7", "Actividad_semana_1_Problema_7.csproj", "{202C9D60-686A-4B86-8438-9932F12F263C}"
EndProject
Global
	GlobalSection(SolutionConfigurationPlatforms) = preSolution
		Debug|Any CPU = Debug|Any CPU
		Release|Any CPU = Release|Any CPU
	EndGlobalSection
	GlobalSection(ProjectConfigurationPlatforms) = postSolution
		{202C9D60-686A-4B86-8438-9932F12F263C}.Debug|Any CPU.ActiveCfg = Debug|Any CPU
		{202C9D60-686A-4B86-8438-9932F12F263C}.Debug|Any CPU.Build.0 = Debug|Any CPU
		{202C9D60-686A-4B86-8438-9932F12F263C}.Release|Any CPU.ActiveCfg = Release|Any CPU
		{202C9D60-686A-4B86-8438-9932F12F263C}.Release|Any CPU.Build.0 = Release|Any CPU
	EndGlobalSection
	GlobalSection(SolutionProperties) = preSolution
		HideSolutionNode = FALSE
	EndGlobalSection
	GlobalSection(ExtensibilityGlobals) = postSolution
		SolutionGuid = {B9FC1DDA-4074-45C7-95E3-27CCE9A294E3}
	EndGlobalSection
EndGlobal
