
Microsoft Visual Studio Solution File, Format Version 12.00
# Visual Studio Version 16
VisualStudioVersion = 16.0.31515.178
MinimumVisualStudioVersion = 10.0.40219.1
Project("{FAE04EC0-301F-11D3-BF4B-00C04F79EFBC}") = "Actividad_semana_1_Problema_8", "Actividad_semana_1_Problema_8.csproj", "{10DA933D-4D0C-4272-B468-5C3FC64E666C}"
EndProject
Global
	GlobalSection(SolutionConfigurationPlatforms) = preSolution
		Debug|Any CPU = Debug|Any CPU
		Release|Any CPU = Release|Any CPU
	EndGlobalSection
	GlobalSection(ProjectConfigurationPlatforms) = postSolution
		{10DA933D-4D0C-4272-B468-5C3FC64E666C}.Debug|Any CPU.ActiveCfg = Debug|Any CPU
		{10DA933D-4D0C-4272-B468-5C3FC64E666C}.Debug|Any CPU.Build.0 = Debug|Any CPU
		{10DA933D-4D0C-4272-B468-5C3FC64E666C}.Release|Any CPU.ActiveCfg = Release|Any CPU
		{10DA933D-4D0C-4272-B468-5C3FC64E666C}.Release|Any CPU.Build.0 = Release|Any CPU
	EndGlobalSection
	GlobalSection(SolutionProperties) = preSolution
		HideSolutionNode = FALSE
	EndGlobalSection
	GlobalSection(ExtensibilityGlobals) = postSolution
		SolutionGuid = {0ADB8DAB-9968-40AF-B393-61A1F794B6A9}
	EndGlobalSection
EndGlobal
