
Microsoft Visual Studio Solution File, Format Version 12.00
# Visual Studio Version 16
VisualStudioVersion = 16.0.31515.178
MinimumVisualStudioVersion = 10.0.40219.1
Project("{FAE04EC0-301F-11D3-BF4B-00C04F79EFBC}") = "Actividad 3_Problema 3", "Actividad 3_Problema 3.csproj", "{F08B4BEE-3019-4E5C-9C92-E51A50D9437A}"
EndProject
Global
	GlobalSection(SolutionConfigurationPlatforms) = preSolution
		Debug|Any CPU = Debug|Any CPU
		Release|Any CPU = Release|Any CPU
	EndGlobalSection
	GlobalSection(ProjectConfigurationPlatforms) = postSolution
		{F08B4BEE-3019-4E5C-9C92-E51A50D9437A}.Debug|Any CPU.ActiveCfg = Debug|Any CPU
		{F08B4BEE-3019-4E5C-9C92-E51A50D9437A}.Debug|Any CPU.Build.0 = Debug|Any CPU
		{F08B4BEE-3019-4E5C-9C92-E51A50D9437A}.Release|Any CPU.ActiveCfg = Release|Any CPU
		{F08B4BEE-3019-4E5C-9C92-E51A50D9437A}.Release|Any CPU.Build.0 = Release|Any CPU
	EndGlobalSection
	GlobalSection(SolutionProperties) = preSolution
		HideSolutionNode = FALSE
	EndGlobalSection
	GlobalSection(ExtensibilityGlobals) = postSolution
		SolutionGuid = {99FC9227-4529-4B83-8E85-1216D0E69681}
	EndGlobalSection
EndGlobal
