
Microsoft Visual Studio Solution File, Format Version 12.00
# Visual Studio Version 16
VisualStudioVersion = 16.0.31515.178
MinimumVisualStudioVersion = 10.0.40219.1
Project("{FAE04EC0-301F-11D3-BF4B-00C04F79EFBC}") = "Actividad_semana_1_Problema_9", "Actividad_semana_1_Problema_9.csproj", "{2048B618-A747-415A-8B50-CF08BE33E8AA}"
EndProject
Global
	GlobalSection(SolutionConfigurationPlatforms) = preSolution
		Debug|Any CPU = Debug|Any CPU
		Release|Any CPU = Release|Any CPU
	EndGlobalSection
	GlobalSection(ProjectConfigurationPlatforms) = postSolution
		{2048B618-A747-415A-8B50-CF08BE33E8AA}.Debug|Any CPU.ActiveCfg = Debug|Any CPU
		{2048B618-A747-415A-8B50-CF08BE33E8AA}.Debug|Any CPU.Build.0 = Debug|Any CPU
		{2048B618-A747-415A-8B50-CF08BE33E8AA}.Release|Any CPU.ActiveCfg = Release|Any CPU
		{2048B618-A747-415A-8B50-CF08BE33E8AA}.Release|Any CPU.Build.0 = Release|Any CPU
	EndGlobalSection
	GlobalSection(SolutionProperties) = preSolution
		HideSolutionNode = FALSE
	EndGlobalSection
	GlobalSection(ExtensibilityGlobals) = postSolution
		SolutionGuid = {43676619-13E6-4CCC-B5ED-AAAD9024ECCC}
	EndGlobalSection
EndGlobal
