
Microsoft Visual Studio Solution File, Format Version 12.00
# Visual Studio Version 16
VisualStudioVersion = 16.0.31515.178
MinimumVisualStudioVersion = 10.0.40219.1
Project("{FAE04EC0-301F-11D3-BF4B-00C04F79EFBC}") = "Actividad 4_Problema 1", "Actividad 4_Problema 1.csproj", "{55CEFEAB-04DB-4B73-8B4E-F68CD97C7167}"
EndProject
Global
	GlobalSection(SolutionConfigurationPlatforms) = preSolution
		Debug|Any CPU = Debug|Any CPU
		Release|Any CPU = Release|Any CPU
	EndGlobalSection
	GlobalSection(ProjectConfigurationPlatforms) = postSolution
		{55CEFEAB-04DB-4B73-8B4E-F68CD97C7167}.Debug|Any CPU.ActiveCfg = Debug|Any CPU
		{55CEFEAB-04DB-4B73-8B4E-F68CD97C7167}.Debug|Any CPU.Build.0 = Debug|Any CPU
		{55CEFEAB-04DB-4B73-8B4E-F68CD97C7167}.Release|Any CPU.ActiveCfg = Release|Any CPU
		{55CEFEAB-04DB-4B73-8B4E-F68CD97C7167}.Release|Any CPU.Build.0 = Release|Any CPU
	EndGlobalSection
	GlobalSection(SolutionProperties) = preSolution
		HideSolutionNode = FALSE
	EndGlobalSection
	GlobalSection(ExtensibilityGlobals) = postSolution
		SolutionGuid = {F9ECBA9A-655D-4861-8213-97F42313FB20}
	EndGlobalSection
EndGlobal
