
Microsoft Visual Studio Solution File, Format Version 12.00
# Visual Studio Version 16
VisualStudioVersion = 16.0.31515.178
MinimumVisualStudioVersion = 10.0.40219.1
Project("{FAE04EC0-301F-11D3-BF4B-00C04F79EFBC}") = "Actividad 4_Problema 4", "Actividad 4_Problema 4.csproj", "{3B6C553F-51BA-4367-B3F3-53EA2AD5FA7A}"
EndProject
Global
	GlobalSection(SolutionConfigurationPlatforms) = preSolution
		Debug|Any CPU = Debug|Any CPU
		Release|Any CPU = Release|Any CPU
	EndGlobalSection
	GlobalSection(ProjectConfigurationPlatforms) = postSolution
		{3B6C553F-51BA-4367-B3F3-53EA2AD5FA7A}.Debug|Any CPU.ActiveCfg = Debug|Any CPU
		{3B6C553F-51BA-4367-B3F3-53EA2AD5FA7A}.Debug|Any CPU.Build.0 = Debug|Any CPU
		{3B6C553F-51BA-4367-B3F3-53EA2AD5FA7A}.Release|Any CPU.ActiveCfg = Release|Any CPU
		{3B6C553F-51BA-4367-B3F3-53EA2AD5FA7A}.Release|Any CPU.Build.0 = Release|Any CPU
	EndGlobalSection
	GlobalSection(SolutionProperties) = preSolution
		HideSolutionNode = FALSE
	EndGlobalSection
	GlobalSection(ExtensibilityGlobals) = postSolution
		SolutionGuid = {368BBB55-C27A-468C-BBF8-5307B65D411F}
	EndGlobalSection
EndGlobal
