
Microsoft Visual Studio Solution File, Format Version 12.00
# Visual Studio Version 16
VisualStudioVersion = 16.0.31515.178
MinimumVisualStudioVersion = 10.0.40219.1
Project("{FAE04EC0-301F-11D3-BF4B-00C04F79EFBC}") = "Actividad 4_Problema 7", "Actividad 4_Problema 7.csproj", "{68BB40E1-40EA-4DCA-9BE7-BFCE2DF5BAE8}"
EndProject
Global
	GlobalSection(SolutionConfigurationPlatforms) = preSolution
		Debug|Any CPU = Debug|Any CPU
		Release|Any CPU = Release|Any CPU
	EndGlobalSection
	GlobalSection(ProjectConfigurationPlatforms) = postSolution
		{68BB40E1-40EA-4DCA-9BE7-BFCE2DF5BAE8}.Debug|Any CPU.ActiveCfg = Debug|Any CPU
		{68BB40E1-40EA-4DCA-9BE7-BFCE2DF5BAE8}.Debug|Any CPU.Build.0 = Debug|Any CPU
		{68BB40E1-40EA-4DCA-9BE7-BFCE2DF5BAE8}.Release|Any CPU.ActiveCfg = Release|Any CPU
		{68BB40E1-40EA-4DCA-9BE7-BFCE2DF5BAE8}.Release|Any CPU.Build.0 = Release|Any CPU
	EndGlobalSection
	GlobalSection(SolutionProperties) = preSolution
		HideSolutionNode = FALSE
	EndGlobalSection
	GlobalSection(ExtensibilityGlobals) = postSolution
		SolutionGuid = {DE1D8D03-E515-4D29-A672-E4F7A26DDEC1}
	EndGlobalSection
EndGlobal
